
Microsoft Visual Studio Solution File, Format Version 12.00
Project("{FAE04EC0-301F-11D3-BF4B-00C04F79EFBC}") = "AssemblyChanges", "AssemblyChanges\AssemblyChanges.csproj", "{A627D0B2-C452-409B-BA5D-9CE2B1091EEE}"
EndProject
Project("{FAE04EC0-301F-11D3-BF4B-00C04F79EFBC}") = "ConsoleApp1", "ConsoleApp1\ConsoleApp1.csproj", "{5D6A5F4F-20E3-4B34-B3BA-ED69684C5587}"
EndProject
Project("{FAE04EC0-301F-11D3-BF4B-00C04F79EFBC}") = "TestApplication", "TestApplication\TestApplication.csproj", "{3CB6CF87-2F4B-4419-A312-E3CB484EE567}"
EndProject
Global
	GlobalSection(SolutionConfigurationPlatforms) = preSolution
		Debug|Any CPU = Debug|Any CPU
		Release|Any CPU = Release|Any CPU
	EndGlobalSection
	GlobalSection(ProjectConfigurationPlatforms) = postSolution
		{A627D0B2-C452-409B-BA5D-9CE2B1091EEE}.Debug|Any CPU.ActiveCfg = Debug|Any CPU
		{A627D0B2-C452-409B-BA5D-9CE2B1091EEE}.Debug|Any CPU.Build.0 = Debug|Any CPU
		{A627D0B2-C452-409B-BA5D-9CE2B1091EEE}.Release|Any CPU.ActiveCfg = Release|Any CPU
		{A627D0B2-C452-409B-BA5D-9CE2B1091EEE}.Release|Any CPU.Build.0 = Release|Any CPU
		{5D6A5F4F-20E3-4B34-B3BA-ED69684C5587}.Debug|Any CPU.ActiveCfg = Debug|Any CPU
		{5D6A5F4F-20E3-4B34-B3BA-ED69684C5587}.Debug|Any CPU.Build.0 = Debug|Any CPU
		{5D6A5F4F-20E3-4B34-B3BA-ED69684C5587}.Release|Any CPU.ActiveCfg = Release|Any CPU
		{5D6A5F4F-20E3-4B34-B3BA-ED69684C5587}.Release|Any CPU.Build.0 = Release|Any CPU
		{3CB6CF87-2F4B-4419-A312-E3CB484EE567}.Debug|Any CPU.ActiveCfg = Debug|Any CPU
		{3CB6CF87-2F4B-4419-A312-E3CB484EE567}.Debug|Any CPU.Build.0 = Debug|Any CPU
		{3CB6CF87-2F4B-4419-A312-E3CB484EE567}.Release|Any CPU.ActiveCfg = Release|Any CPU
		{3CB6CF87-2F4B-4419-A312-E3CB484EE567}.Release|Any CPU.Build.0 = Release|Any CPU
	EndGlobalSection
EndGlobal
